{
  "version": "5",
  "specifiers": {
    "npm:@types/node@*": "24.2.0"
  },
  "npm": {
    "@types/node@24.2.0": {
      "integrity": "sha512-3xyG3pMCq3oYCNg7/ZP+E1ooTaGB4cG8JWRsqqOYQdbWNY4zbaV0Ennrd7stjiJEFZCaybcIgpTjJWHRfBSIDw==",
      "dependencies": [
        "undici-types"
      ]
    },
    "undici-types@7.10.0": {
      "integrity": "sha512-t5Fy/nfn+14LuOc2KNYg75vZqClpAiqscVvMygNnlsHBFpSXdJaYtXMcdNLpl/Qvc3P2cB3s6lOV51nqsFq4ag=="
    }
  },
  "remote": {
    "https://esm.sh/openpgp@6.2.2": "9e4a808b8dbe5a0c0ccf11f0738ab1cd627977511c16517b4b2b9498766a70c2",
    "https://esm.sh/openpgp@6.2.2/denonext/openpgp.mjs": "49deb8cee3b9d89d114e62be579a4cfd62407e3413c44bafb8bea08d90c0be8e"
  }
}
